
Microsoft Visual Studio Solution File, Format Version 12.00
# Visual Studio Version 17
VisualStudioVersion = 17.2.32519.379
MinimumVisualStudioVersion = 10.0.40219.1
Project("{FAE04EC0-301F-11D3-BF4B-00C04F79EFBC}") = "AddressBook", "AddressBook\AddressBook.csproj", "{7D5495A1-516C-48D5-80CD-9941177A61D5}"
EndProject
Global
	GlobalSection(SolutionConfigurationPlatforms) = preSolution
		Debug|Any CPU = Debug|Any CPU
		Release|Any CPU = Release|Any CPU
	EndGlobalSection
	GlobalSection(ProjectConfigurationPlatforms) = postSolution
		{7D5495A1-516C-48D5-80CD-9941177A61D5}.Debug|Any CPU.ActiveCfg = Debug|Any CPU
		{7D5495A1-516C-48D5-80CD-9941177A61D5}.Debug|Any CPU.Build.0 = Debug|Any CPU
		{7D5495A1-516C-48D5-80CD-9941177A61D5}.Release|Any CPU.ActiveCfg = Release|Any CPU
		{7D5495A1-516C-48D5-80CD-9941177A61D5}.Release|Any CPU.Build.0 = Release|Any CPU
	EndGlobalSection
	GlobalSection(SolutionProperties) = preSolution
		HideSolutionNode = FALSE
	EndGlobalSection
	GlobalSection(ExtensibilityGlobals) = postSolution
		SolutionGuid = {C6FDC497-E1B4-42F8-8B71-22498B131CFE}
	EndGlobalSection
EndGlobal
